
Microsoft Visual Studio Solution File, Format Version 12.00
# Visual Studio Version 16
VisualStudioVersion = 16.0.32106.194
MinimumVisualStudioVersion = 10.0.40219.1
Project("{9A19103F-16F7-4668-BE54-9A1E7A4F7556}") = "DataAccess", "DataAccess\DataAccess.csproj", "{E96EBF34-DF4E-452F-BF9B-9C089D39225C}"
EndProject
Project("{9A19103F-16F7-4668-BE54-9A1E7A4F7556}") = "Business", "Business\Business.csproj", "{45131F97-C624-4580-86F9-EEB1B3730396}"
EndProject
Project("{9A19103F-16F7-4668-BE54-9A1E7A4F7556}") = "Entities", "Entities\Entities.csproj", "{1BBC6068-A781-4166-9F54-5BEBE18E0F81}"
EndProject
Project("{9A19103F-16F7-4668-BE54-9A1E7A4F7556}") = "ConsoleUI", "ConsoleUI\ConsoleUI.csproj", "{E713916D-6E95-497A-8C98-34A03B3824ED}"
EndProject
Project("{9A19103F-16F7-4668-BE54-9A1E7A4F7556}") = "Core", "Core\Core.csproj", "{F1A4BBB0-2488-47A0-BED1-FA3B71341A69}"
EndProject
Project("{FAE04EC0-301F-11D3-BF4B-00C04F79EFBC}") = "WebAPI", "WebAPI\WebAPI.csproj", "{23CD9441-D9C2-4FEB-8D9D-3F2FEBF0D0C2}"
EndProject
Global
	GlobalSection(SolutionConfigurationPlatforms) = preSolution
		Debug|Any CPU = Debug|Any CPU
		Release|Any CPU = Release|Any CPU
	EndGlobalSection
	GlobalSection(ProjectConfigurationPlatforms) = postSolution
		{E96EBF34-DF4E-452F-BF9B-9C089D39225C}.Debug|Any CPU.ActiveCfg = Debug|Any CPU
		{E96EBF34-DF4E-452F-BF9B-9C089D39225C}.Debug|Any CPU.Build.0 = Debug|Any CPU
		{E96EBF34-DF4E-452F-BF9B-9C089D39225C}.Release|Any CPU.ActiveCfg = Release|Any CPU
		{E96EBF34-DF4E-452F-BF9B-9C089D39225C}.Release|Any CPU.Build.0 = Release|Any CPU
		{45131F97-C624-4580-86F9-EEB1B3730396}.Debug|Any CPU.ActiveCfg = Debug|Any CPU
		{45131F97-C624-4580-86F9-EEB1B3730396}.Debug|Any CPU.Build.0 = Debug|Any CPU
		{45131F97-C624-4580-86F9-EEB1B3730396}.Release|Any CPU.ActiveCfg = Release|Any CPU
		{45131F97-C624-4580-86F9-EEB1B3730396}.Release|Any CPU.Build.0 = Release|Any CPU
		{1BBC6068-A781-4166-9F54-5BEBE18E0F81}.Debug|Any CPU.ActiveCfg = Debug|Any CPU
		{1BBC6068-A781-4166-9F54-5BEBE18E0F81}.Debug|Any CPU.Build.0 = Debug|Any CPU
		{1BBC6068-A781-4166-9F54-5BEBE18E0F81}.Release|Any CPU.ActiveCfg = Release|Any CPU
		{1BBC6068-A781-4166-9F54-5BEBE18E0F81}.Release|Any CPU.Build.0 = Release|Any CPU
		{E713916D-6E95-497A-8C98-34A03B3824ED}.Debug|Any CPU.ActiveCfg = Debug|Any CPU
		{E713916D-6E95-497A-8C98-34A03B3824ED}.Debug|Any CPU.Build.0 = Debug|Any CPU
		{E713916D-6E95-497A-8C98-34A03B3824ED}.Release|Any CPU.ActiveCfg = Release|Any CPU
		{E713916D-6E95-497A-8C98-34A03B3824ED}.Release|Any CPU.Build.0 = Release|Any CPU
		{F1A4BBB0-2488-47A0-BED1-FA3B71341A69}.Debug|Any CPU.ActiveCfg = Debug|Any CPU
		{F1A4BBB0-2488-47A0-BED1-FA3B71341A69}.Debug|Any CPU.Build.0 = Debug|Any CPU
		{F1A4BBB0-2488-47A0-BED1-FA3B71341A69}.Release|Any CPU.ActiveCfg = Release|Any CPU
		{F1A4BBB0-2488-47A0-BED1-FA3B71341A69}.Release|Any CPU.Build.0 = Release|Any CPU
		{23CD9441-D9C2-4FEB-8D9D-3F2FEBF0D0C2}.Debug|Any CPU.ActiveCfg = Debug|Any CPU
		{23CD9441-D9C2-4FEB-8D9D-3F2FEBF0D0C2}.Debug|Any CPU.Build.0 = Debug|Any CPU
		{23CD9441-D9C2-4FEB-8D9D-3F2FEBF0D0C2}.Release|Any CPU.ActiveCfg = Release|Any CPU
		{23CD9441-D9C2-4FEB-8D9D-3F2FEBF0D0C2}.Release|Any CPU.Build.0 = Release|Any CPU
	EndGlobalSection
	GlobalSection(SolutionProperties) = preSolution
		HideSolutionNode = FALSE
	EndGlobalSection
	GlobalSection(ExtensibilityGlobals) = postSolution
		SolutionGuid = {BF7E6526-4F3D-4F25-A527-5805AF4E5DE6}
	EndGlobalSection
EndGlobal
